{
  "name": "kofeiini.fi",
  "version": "0.0.1",
  "lockfileVersion": 1,
  "requires": true,
  "dependencies": {
    "@types/bluebird": {
      "version": "3.5.18",
      "resolved": "https://registry.npmjs.org/@types/bluebird/-/bluebird-3.5.18.tgz",
      "integrity": "sha512-OTPWHmsyW18BhrnG5x8F7PzeZ2nFxmHGb42bZn79P9hl+GI5cMzyPgQTwNjbem0lJhoru/8vtjAFCUOu3+gE2w==",
      "dev": true
    },
    "@types/node": {
      "version": "8.0.53",
      "resolved": "https://registry.npmjs.org/@types/node/-/node-8.0.53.tgz",
      "integrity": "sha512-54Dm6NwYeiSQmRB1BLXKr5GELi0wFapR1npi8bnZhEcu84d/yQKqnwwXQ56hZ0RUbTG6L5nqDZaN3dgByQXQRQ==",
      "dev": true
    },
    "@types/rethinkdb": {
      "version": "github:types/npm-rethinkdb#1f6de50cd3daff8c9f4fcd4931e42affa74f424e",
      "dev": true
    },
    "@types/rethinkdbdash": {
      "version": "github:types/rethinkdbdash#3fbbfae2ee1d344a827fcec259ce2e4dff958dee",
      "dev": true,
      "requires": {
        "@types/bluebird": "3.5.18",
        "@types/node": "6.0.92",
        "@types/rethinkdb": "github:types/npm-rethinkdb#1f6de50cd3daff8c9f4fcd4931e42affa74f424e"
      },
      "dependencies": {
        "@types/node": {
          "version": "6.0.92",
          "resolved": "https://registry.npmjs.org/@types/node/-/node-6.0.92.tgz",
          "integrity": "sha512-awEYSSTn7dauwVCYSx2CJaPTu0Z1Ht2oR1b2AD3CYao6ZRb+opb6EL43fzmD7eMFgMHzTBWSUzlWSD+S8xN0Nw==",
          "dev": true
        }
      }
    },
    "asn1.js": {
      "version": "4.9.2",
      "resolved": "https://registry.npmjs.org/asn1.js/-/asn1.js-4.9.2.tgz",
      "integrity": "sha512-b/OsSjvWEo8Pi8H0zsDd2P6Uqo2TK2pH8gNLSJtNLM2Db0v2QaAZ0pBQJXVjAn4gBuugeVDr7s63ZogpUIwWDg==",
      "requires": {
        "bn.js": "4.11.8",
        "inherits": "2.0.3",
        "minimalistic-assert": "1.0.0"
      }
    },
    "base64url": {
      "version": "2.0.0",
      "resolved": "https://registry.npmjs.org/base64url/-/base64url-2.0.0.tgz",
      "integrity": "sha1-6sFuA+oUOO/5Qj1puqNiYu0fcLs="
    },
    "bluebird": {
      "version": "3.5.1",
      "resolved": "https://registry.npmjs.org/bluebird/-/bluebird-3.5.1.tgz",
      "integrity": "sha512-MKiLiV+I1AA596t9w1sQJ8jkiSr5+ZKi0WKrYGUn6d1Fx+Ij4tIj+m2WMQSGczs5jZVxV339chE8iwk6F64wjA=="
    },
    "bn.js": {
      "version": "4.11.8",
      "resolved": "https://registry.npmjs.org/bn.js/-/bn.js-4.11.8.tgz",
      "integrity": "sha512-ItfYfPLkWHUjckQCk8xC+LwxgK8NYcXywGigJgSwOP8Y2iyWT4f2vsZnoOXTTbo+o5yXmIUJ4gn5538SO5S3gA=="
    },
    "body-parser": {
      "version": "1.0.2",
      "resolved": "https://registry.npmjs.org/body-parser/-/body-parser-1.0.2.tgz",
      "integrity": "sha1-NGFHmjJ4/gD8rr7DMUu1T8T3tHw=",
      "requires": {
        "qs": "0.6.6",
        "raw-body": "1.1.7",
        "type-is": "1.1.0"
      },
      "dependencies": {
        "bytes": {
          "version": "1.0.0",
          "resolved": "https://registry.npmjs.org/bytes/-/bytes-1.0.0.tgz",
          "integrity": "sha1-NWnt6Lo0MV+rmcPpLLBMciDeH6g="
        },
        "mime": {
          "version": "1.2.11",
          "resolved": "https://registry.npmjs.org/mime/-/mime-1.2.11.tgz",
          "integrity": "sha1-WCA+7Ybjpe8XrtK32evUfwpg3RA="
        },
        "qs": {
          "version": "0.6.6",
          "resolved": "https://registry.npmjs.org/qs/-/qs-0.6.6.tgz",
          "integrity": "sha1-bgFQmP9RlouKPIGQAdXyyJvEsQc="
        },
        "raw-body": {
          "version": "1.1.7",
          "resolved": "https://registry.npmjs.org/raw-body/-/raw-body-1.1.7.tgz",
          "integrity": "sha1-HQJ8K/oRasxmI7yo8AAWVyqH1CU=",
          "requires": {
            "bytes": "1.0.0",
            "string_decoder": "0.10.31"
          }
        },
        "string_decoder": {
          "version": "0.10.31",
          "resolved": "https://registry.npmjs.org/string_decoder/-/string_decoder-0.10.31.tgz",
          "integrity": "sha1-YuIDvEF2bGwoyfyEMB2rHFMQ+pQ="
        },
        "type-is": {
          "version": "1.1.0",
          "resolved": "https://registry.npmjs.org/type-is/-/type-is-1.1.0.tgz",
          "integrity": "sha1-0CReyLJnZmjVndDPMlUGBnalfbY=",
          "requires": {
            "mime": "1.2.11"
          }
        }
      }
    },
    "buffer-equal-constant-time": {
      "version": "1.0.1",
      "resolved": "https://registry.npmjs.org/buffer-equal-constant-time/-/buffer-equal-constant-time-1.0.1.tgz",
      "integrity": "sha1-+OcRMvf/5uAaXJaXpMbz5I1cyBk="
    },
    "debug": {
      "version": "0.7.4",
      "resolved": "https://registry.npmjs.org/debug/-/debug-0.7.4.tgz",
      "integrity": "sha1-BuHqgILCyxTjmAbiLi9vdX+Srzk="
    },
    "dotenv": {
      "version": "4.0.0",
      "resolved": "https://registry.npmjs.org/dotenv/-/dotenv-4.0.0.tgz",
      "integrity": "sha1-hk7xN5rO1Vzm+V3r7NzhefegzR0=",
      "dev": true
    },
    "ecdsa-sig-formatter": {
      "version": "1.0.9",
      "resolved": "https://registry.npmjs.org/ecdsa-sig-formatter/-/ecdsa-sig-formatter-1.0.9.tgz",
      "integrity": "sha1-S8kmJ07Dtau1AW5+HWCSGsJisqE=",
      "requires": {
        "base64url": "2.0.0",
        "safe-buffer": "5.1.1"
      }
    },
    "ejs": {
      "version": "2.5.7",
      "resolved": "https://registry.npmjs.org/ejs/-/ejs-2.5.7.tgz",
      "integrity": "sha1-zIcsFoiArjxxiXYv1f/ACJbJUYo="
    },
    "encoding": {
      "version": "0.1.12",
      "resolved": "https://registry.npmjs.org/encoding/-/encoding-0.1.12.tgz",
      "integrity": "sha1-U4tm8+5izRq1HsMjgp0flIDHS+s=",
      "requires": {
        "iconv-lite": "0.4.19"
      }
    },
    "express": {
      "version": "4.0.0",
      "resolved": "https://registry.npmjs.org/express/-/express-4.0.0.tgz",
      "integrity": "sha1-J03IKTPJ9XTMOKDOXqgXK+nGsJQ=",
      "requires": {
        "accepts": "1.0.0",
        "buffer-crc32": "0.2.1",
        "cookie": "0.1.0",
        "cookie-signature": "1.0.3",
        "debug": "0.7.4",
        "escape-html": "1.0.1",
        "fresh": "0.2.2",
        "merge-descriptors": "0.0.2",
        "methods": "0.1.0",
        "parseurl": "1.0.1",
        "path-to-regexp": "0.1.2",
        "qs": "0.6.6",
        "range-parser": "1.0.0",
        "send": "0.2.0",
        "serve-static": "1.0.1",
        "type-is": "1.0.0",
        "utils-merge": "1.0.0"
      },
      "dependencies": {
        "accepts": {
          "version": "1.0.0",
          "resolved": "https://registry.npmjs.org/accepts/-/accepts-1.0.0.tgz",
          "integrity": "sha1-NgTHZVhsO5z3h3tpN829RYf5R9w=",
          "requires": {
            "mime": "1.2.11",
            "negotiator": "0.3.0"
          }
        },
        "buffer-crc32": {
          "version": "0.2.1",
          "resolved": "https://registry.npmjs.org/buffer-crc32/-/buffer-crc32-0.2.1.tgz",
          "integrity": "sha1-vj5TgvwCttYySVasGvmKqYsIU0w="
        },
        "cookie": {
          "version": "0.1.0",
          "resolved": "https://registry.npmjs.org/cookie/-/cookie-0.1.0.tgz",
          "integrity": "sha1-kOtGndzpBchm3mh+/EMTHYgB+dA="
        },
        "cookie-signature": {
          "version": "1.0.3",
          "resolved": "https://registry.npmjs.org/cookie-signature/-/cookie-signature-1.0.3.tgz",
          "integrity": "sha1-kc2ZfMUftkFZVzjGnNoCAyj1D/k="
        },
        "escape-html": {
          "version": "1.0.1",
          "resolved": "https://registry.npmjs.org/escape-html/-/escape-html-1.0.1.tgz",
          "integrity": "sha1-GBoobq05ejmpKFfPsdQwUuNWv/A="
        },
        "fresh": {
          "version": "0.2.2",
          "resolved": "https://registry.npmjs.org/fresh/-/fresh-0.2.2.tgz",
          "integrity": "sha1-lzHc9WeMf660T7kDxPct9VGH+nc="
        },
        "merge-descriptors": {
          "version": "0.0.2",
          "resolved": "https://registry.npmjs.org/merge-descriptors/-/merge-descriptors-0.0.2.tgz",
          "integrity": "sha1-w2pSp4FDdRPFcnXzndnTF1FKyMc="
        },
        "methods": {
          "version": "0.1.0",
          "resolved": "https://registry.npmjs.org/methods/-/methods-0.1.0.tgz",
          "integrity": "sha1-M11Cnu/SG3us8unJIqjSvRSjDk8="
        },
        "mime": {
          "version": "1.2.11",
          "resolved": "https://registry.npmjs.org/mime/-/mime-1.2.11.tgz",
          "integrity": "sha1-WCA+7Ybjpe8XrtK32evUfwpg3RA="
        },
        "negotiator": {
          "version": "0.3.0",
          "resolved": "https://registry.npmjs.org/negotiator/-/negotiator-0.3.0.tgz",
          "integrity": "sha1-cG1pLv7d9XTVfqn7GriaT6fuj2A="
        },
        "parseurl": {
          "version": "1.0.1",
          "resolved": "https://registry.npmjs.org/parseurl/-/parseurl-1.0.1.tgz",
          "integrity": "sha1-Llfc5u/dN8NRhwEDCUTCK/OIt7Q="
        },
        "path-to-regexp": {
          "version": "0.1.2",
          "resolved": "https://registry.npmjs.org/path-to-regexp/-/path-to-regexp-0.1.2.tgz",
          "integrity": "sha1-mysVH5zDAYye6lDKlXKeBXgXErQ="
        },
        "qs": {
          "version": "0.6.6",
          "resolved": "https://registry.npmjs.org/qs/-/qs-0.6.6.tgz",
          "integrity": "sha1-bgFQmP9RlouKPIGQAdXyyJvEsQc="
        },
        "range-parser": {
          "version": "1.0.0",
          "resolved": "https://registry.npmjs.org/range-parser/-/range-parser-1.0.0.tgz",
          "integrity": "sha1-pLJkz+C+XONqvjdlrJwqJIdG28A="
        },
        "send": {
          "version": "0.2.0",
          "resolved": "https://registry.npmjs.org/send/-/send-0.2.0.tgz",
          "integrity": "sha1-Bnq/Rc/4v/spy9t0OXJbMjiKLFg=",
          "requires": {
            "debug": "0.7.4",
            "fresh": "0.2.2",
            "mime": "1.2.11",
            "range-parser": "1.0.0"
          }
        },
        "serve-static": {
          "version": "1.0.1",
          "resolved": "https://registry.npmjs.org/serve-static/-/serve-static-1.0.1.tgz",
          "integrity": "sha1-ENy/1Es+ApGhMfyatKslqfWnikI=",
          "requires": {
            "send": "0.1.4"
          },
          "dependencies": {
            "fresh": {
              "version": "0.2.0",
              "resolved": "https://registry.npmjs.org/fresh/-/fresh-0.2.0.tgz",
              "integrity": "sha1-v9lALPPfEsSkwxDHn5mj3eE9NKc="
            },
            "range-parser": {
              "version": "0.0.4",
              "resolved": "https://registry.npmjs.org/range-parser/-/range-parser-0.0.4.tgz",
              "integrity": "sha1-wEJ//vUcEKy6B4KkbJYC50T/Ygs="
            },
            "send": {
              "version": "0.1.4",
              "resolved": "https://registry.npmjs.org/send/-/send-0.1.4.tgz",
              "integrity": "sha1-vnDY0b4B3mGCGvE3gLUDRaT3Gr0=",
              "requires": {
                "debug": "0.7.4",
                "fresh": "0.2.0",
                "mime": "1.2.11",
                "range-parser": "0.0.4"
              }
            }
          }
        },
        "type-is": {
          "version": "1.0.0",
          "resolved": "https://registry.npmjs.org/type-is/-/type-is-1.0.0.tgz",
          "integrity": "sha1-T/Qk6XNJoe4ZELS/xIhZXs3EQ/w=",
          "requires": {
            "mime": "1.2.11"
          }
        },
        "utils-merge": {
          "version": "1.0.0",
          "resolved": "https://registry.npmjs.org/utils-merge/-/utils-merge-1.0.0.tgz",
          "integrity": "sha1-ApT7kiu5N1FTVBxPcJYjHyh8ivg="
        }
      }
    },
    "http_ece": {
      "version": "0.5.2",
      "resolved": "https://registry.npmjs.org/http_ece/-/http_ece-0.5.2.tgz",
      "integrity": "sha1-VlTX7J2Za3Sc4AonbhjVS22PkF8=",
      "requires": {
        "urlsafe-base64": "1.0.0"
      }
    },
    "iconv-lite": {
      "version": "0.4.19",
      "resolved": "https://registry.npmjs.org/iconv-lite/-/iconv-lite-0.4.19.tgz",
      "integrity": "sha512-oTZqweIP51xaGPI4uPa56/Pri/480R+mo7SeU+YETByQNhDG55ycFyNLIgta9vXhILrxXDmF7ZGhqZIcuN0gJQ=="
    },
    "inherits": {
      "version": "2.0.3",
      "resolved": "https://registry.npmjs.org/inherits/-/inherits-2.0.3.tgz",
      "integrity": "sha1-Yzwsg+PaQqUC9SRmAiSA9CCCYd4="
    },
    "is-stream": {
      "version": "1.1.0",
      "resolved": "https://registry.npmjs.org/is-stream/-/is-stream-1.1.0.tgz",
      "integrity": "sha1-EtSj3U5o4Lec6428hBc66A2RykQ="
    },
    "jwa": {
      "version": "1.1.5",
      "resolved": "https://registry.npmjs.org/jwa/-/jwa-1.1.5.tgz",
      "integrity": "sha1-oFUs4CIHQs1S4VN3SjKQXDDnVuU=",
      "requires": {
        "base64url": "2.0.0",
        "buffer-equal-constant-time": "1.0.1",
        "ecdsa-sig-formatter": "1.0.9",
        "safe-buffer": "5.1.1"
      }
    },
    "jws": {
      "version": "3.1.4",
      "resolved": "https://registry.npmjs.org/jws/-/jws-3.1.4.tgz",
      "integrity": "sha1-+ei5M46KhHJ31kRLFGT2GIDgUKI=",
      "requires": {
        "base64url": "2.0.0",
        "jwa": "1.1.5",
        "safe-buffer": "5.1.1"
      }
    },
    "minimalistic-assert": {
      "version": "1.0.0",
      "resolved": "https://registry.npmjs.org/minimalistic-assert/-/minimalistic-assert-1.0.0.tgz",
      "integrity": "sha1-cCvi3aazf0g2vLP121ZkG2Sh09M="
    },
    "minimist": {
      "version": "1.2.0",
      "resolved": "https://registry.npmjs.org/minimist/-/minimist-1.2.0.tgz",
      "integrity": "sha1-o1AIsg9BOD7sH7kU9M1d95omQoQ="
    },
    "node-fetch": {
      "version": "1.7.3",
      "resolved": "https://registry.npmjs.org/node-fetch/-/node-fetch-1.7.3.tgz",
      "integrity": "sha512-NhZ4CsKx7cYm2vSrBAr2PvFOe6sWDf0UYLRqA6svUYg7+/TSfVAu49jYC4BvQ4Sms9SZgdqGBgroqfDhJdTyKQ==",
      "requires": {
        "encoding": "0.1.12",
        "is-stream": "1.1.0"
      }
    },
    "rethinkdbdash": {
      "version": "2.3.31",
      "resolved": "https://registry.npmjs.org/rethinkdbdash/-/rethinkdbdash-2.3.31.tgz",
      "integrity": "sha512-6nXrKFjdg2Ug0YpdmPWSvyD/2EisHnFNt4FWZ74dcXGK48ievSv+cNFTmVv+KjLi6I9CCf6w4CKZ6yCYTfMfdQ==",
      "requires": {
        "bluebird": "3.5.1"
      }
    },
    "safe-buffer": {
      "version": "5.1.1",
      "resolved": "https://registry.npmjs.org/safe-buffer/-/safe-buffer-5.1.1.tgz",
      "integrity": "sha512-kKvNJn6Mm93gAczWVJg7wH+wGYWNrDHdWvpUmHyEsgCtIwwo3bqPtV4tR5tuPaUhTOo/kvhVwd8XwwOllGYkbg=="
    },
    "urlsafe-base64": {
      "version": "1.0.0",
      "resolved": "https://registry.npmjs.org/urlsafe-base64/-/urlsafe-base64-1.0.0.tgz",
      "integrity": "sha1-I/iQaabGL0bPOh07ABac77kL4MY="
    },
    "web-push": {
      "version": "3.2.4",
      "resolved": "https://registry.npmjs.org/web-push/-/web-push-3.2.4.tgz",
      "integrity": "sha1-O2A0iXd/IVhT5OTz2GZNy4Yd0sE=",
      "requires": {
        "asn1.js": "4.9.2",
        "http_ece": "0.5.2",
        "jws": "3.1.4",
        "minimist": "1.2.0",
        "urlsafe-base64": "1.0.0"
      }
    }
  }
}
